
Microsoft Visual Studio Solution File, Format Version 12.00
Project("{FAE04EC0-301F-11D3-BF4B-00C04F79EFBC}") = "Day_1", "Day_1\Day_1.csproj", "{09E4751D-53C5-4DA2-AA25-E15548FDF2BE}"
EndProject
Project("{FAE04EC0-301F-11D3-BF4B-00C04F79EFBC}") = "Day_2", "Day_2\Day_2.csproj", "{FA4C88B9-EEA5-4411-B380-307E80DA246D}"
EndProject
Global
	GlobalSection(SolutionConfigurationPlatforms) = preSolution
		Debug|Any CPU = Debug|Any CPU
		Release|Any CPU = Release|Any CPU
	EndGlobalSection
	GlobalSection(ProjectConfigurationPlatforms) = postSolution
		{09E4751D-53C5-4DA2-AA25-E15548FDF2BE}.Debug|Any CPU.ActiveCfg = Debug|Any CPU
		{09E4751D-53C5-4DA2-AA25-E15548FDF2BE}.Debug|Any CPU.Build.0 = Debug|Any CPU
		{09E4751D-53C5-4DA2-AA25-E15548FDF2BE}.Release|Any CPU.ActiveCfg = Release|Any CPU
		{09E4751D-53C5-4DA2-AA25-E15548FDF2BE}.Release|Any CPU.Build.0 = Release|Any CPU
		{FA4C88B9-EEA5-4411-B380-307E80DA246D}.Debug|Any CPU.ActiveCfg = Debug|Any CPU
		{FA4C88B9-EEA5-4411-B380-307E80DA246D}.Debug|Any CPU.Build.0 = Debug|Any CPU
		{FA4C88B9-EEA5-4411-B380-307E80DA246D}.Release|Any CPU.ActiveCfg = Release|Any CPU
		{FA4C88B9-EEA5-4411-B380-307E80DA246D}.Release|Any CPU.Build.0 = Release|Any CPU
	EndGlobalSection
EndGlobal
